
Microsoft Visual Studio Solution File, Format Version 12.00
Project("{FAE04EC0-301F-11D3-BF4B-00C04F79EFBC}") = "RecoverUnsoldApi", "RecoverUnsoldApi\RecoverUnsoldApi.csproj", "{230869CF-AA19-48FA-AB10-FDFB3F4BCEC8}"
EndProject
Project("{FAE04EC0-301F-11D3-BF4B-00C04F79EFBC}") = "RecoverUnsoldApi.Tests", "RecoverUnsoldApi.Tests\RecoverUnsoldApi.Tests.csproj", "{A0E0A547-E0BF-46D3-B150-2AA2B62BFEC4}"
EndProject
Global
	GlobalSection(SolutionConfigurationPlatforms) = preSolution
		Debug|Any CPU = Debug|Any CPU
		Release|Any CPU = Release|Any CPU
	EndGlobalSection
	GlobalSection(ProjectConfigurationPlatforms) = postSolution
		{230869CF-AA19-48FA-AB10-FDFB3F4BCEC8}.Debug|Any CPU.ActiveCfg = Debug|Any CPU
		{230869CF-AA19-48FA-AB10-FDFB3F4BCEC8}.Debug|Any CPU.Build.0 = Debug|Any CPU
		{230869CF-AA19-48FA-AB10-FDFB3F4BCEC8}.Release|Any CPU.ActiveCfg = Release|Any CPU
		{230869CF-AA19-48FA-AB10-FDFB3F4BCEC8}.Release|Any CPU.Build.0 = Release|Any CPU
		{A0E0A547-E0BF-46D3-B150-2AA2B62BFEC4}.Debug|Any CPU.ActiveCfg = Debug|Any CPU
		{A0E0A547-E0BF-46D3-B150-2AA2B62BFEC4}.Debug|Any CPU.Build.0 = Debug|Any CPU
		{A0E0A547-E0BF-46D3-B150-2AA2B62BFEC4}.Release|Any CPU.ActiveCfg = Release|Any CPU
		{A0E0A547-E0BF-46D3-B150-2AA2B62BFEC4}.Release|Any CPU.Build.0 = Release|Any CPU
	EndGlobalSection
EndGlobal
