
Microsoft Visual Studio Solution File, Format Version 12.00
Project("{FAE04EC0-301F-11D3-BF4B-00C04F79EFBC}") = "RecoverUnsoldApi", "RecoverUnsoldApi\RecoverUnsoldApi.csproj", "{230869CF-AA19-48FA-AB10-FDFB3F4BCEC8}"
EndProject
Project("{FAE04EC0-301F-11D3-BF4B-00C04F79EFBC}") = "RecoverUnsoldApi.Tests", "RecoverUnsoldApi.Tests\RecoverUnsoldApi.Tests.csproj", "{A0E0A547-E0BF-46D3-B150-2AA2B62BFEC4}"
EndProject
Project("{FAE04EC0-301F-11D3-BF4B-00C04F79EFBC}") = "RecoverUnsoldDomain", "RecoverUnsoldDomain\RecoverUnsoldDomain.csproj", "{8D40F93A-C8AA-4CCA-B7ED-64469405D1F6}"
EndProject
Project("{FAE04EC0-301F-11D3-BF4B-00C04F79EFBC}") = "RecoverUnsoldAdmin", "RecoverUnsoldAdmin\RecoverUnsoldAdmin.csproj", "{94F7B151-DC01-4C93-839A-CA4DAF6DFDF0}"
EndProject
Project("{FAE04EC0-301F-11D3-BF4B-00C04F79EFBC}") = "RecoverUnsoldWorker", "RecoverUnsoldWorker\RecoverUnsoldWorker.csproj", "{3FA94F79-D084-4420-A29B-98B051DD7A29}"
EndProject
Global
	GlobalSection(SolutionConfigurationPlatforms) = preSolution
		Debug|Any CPU = Debug|Any CPU
		Release|Any CPU = Release|Any CPU
	EndGlobalSection
	GlobalSection(ProjectConfigurationPlatforms) = postSolution
		{230869CF-AA19-48FA-AB10-FDFB3F4BCEC8}.Debug|Any CPU.ActiveCfg = Debug|Any CPU
		{230869CF-AA19-48FA-AB10-FDFB3F4BCEC8}.Debug|Any CPU.Build.0 = Debug|Any CPU
		{230869CF-AA19-48FA-AB10-FDFB3F4BCEC8}.Release|Any CPU.ActiveCfg = Release|Any CPU
		{230869CF-AA19-48FA-AB10-FDFB3F4BCEC8}.Release|Any CPU.Build.0 = Release|Any CPU
		{A0E0A547-E0BF-46D3-B150-2AA2B62BFEC4}.Debug|Any CPU.ActiveCfg = Debug|Any CPU
		{A0E0A547-E0BF-46D3-B150-2AA2B62BFEC4}.Debug|Any CPU.Build.0 = Debug|Any CPU
		{A0E0A547-E0BF-46D3-B150-2AA2B62BFEC4}.Release|Any CPU.ActiveCfg = Release|Any CPU
		{A0E0A547-E0BF-46D3-B150-2AA2B62BFEC4}.Release|Any CPU.Build.0 = Release|Any CPU
		{8D40F93A-C8AA-4CCA-B7ED-64469405D1F6}.Debug|Any CPU.ActiveCfg = Debug|Any CPU
		{8D40F93A-C8AA-4CCA-B7ED-64469405D1F6}.Debug|Any CPU.Build.0 = Debug|Any CPU
		{8D40F93A-C8AA-4CCA-B7ED-64469405D1F6}.Release|Any CPU.ActiveCfg = Release|Any CPU
		{8D40F93A-C8AA-4CCA-B7ED-64469405D1F6}.Release|Any CPU.Build.0 = Release|Any CPU
		{94F7B151-DC01-4C93-839A-CA4DAF6DFDF0}.Debug|Any CPU.ActiveCfg = Debug|Any CPU
		{94F7B151-DC01-4C93-839A-CA4DAF6DFDF0}.Debug|Any CPU.Build.0 = Debug|Any CPU
		{94F7B151-DC01-4C93-839A-CA4DAF6DFDF0}.Release|Any CPU.ActiveCfg = Release|Any CPU
		{94F7B151-DC01-4C93-839A-CA4DAF6DFDF0}.Release|Any CPU.Build.0 = Release|Any CPU
		{3FA94F79-D084-4420-A29B-98B051DD7A29}.Debug|Any CPU.ActiveCfg = Debug|Any CPU
		{3FA94F79-D084-4420-A29B-98B051DD7A29}.Debug|Any CPU.Build.0 = Debug|Any CPU
		{3FA94F79-D084-4420-A29B-98B051DD7A29}.Release|Any CPU.ActiveCfg = Release|Any CPU
		{3FA94F79-D084-4420-A29B-98B051DD7A29}.Release|Any CPU.Build.0 = Release|Any CPU
	EndGlobalSection
EndGlobal
